
Microsoft Visual Studio Solution File, Format Version 12.00
# Visual Studio Version 16
VisualStudioVersion = 16.0.32929.386
MinimumVisualStudioVersion = 10.0.40219.1
Project("{FAE04EC0-301F-11D3-BF4B-00C04F79EFBC}") = "Semana14-2", "Semana14-2\Semana14-2.csproj", "{FFF89BB2-DB4C-44A0-A40F-DF0658FEB565}"
EndProject
Global
	GlobalSection(SolutionConfigurationPlatforms) = preSolution
		Debug|Any CPU = Debug|Any CPU
		Release|Any CPU = Release|Any CPU
	EndGlobalSection
	GlobalSection(ProjectConfigurationPlatforms) = postSolution
		{FFF89BB2-DB4C-44A0-A40F-DF0658FEB565}.Debug|Any CPU.ActiveCfg = Debug|Any CPU
		{FFF89BB2-DB4C-44A0-A40F-DF0658FEB565}.Debug|Any CPU.Build.0 = Debug|Any CPU
		{FFF89BB2-DB4C-44A0-A40F-DF0658FEB565}.Release|Any CPU.ActiveCfg = Release|Any CPU
		{FFF89BB2-DB4C-44A0-A40F-DF0658FEB565}.Release|Any CPU.Build.0 = Release|Any CPU
	EndGlobalSection
	GlobalSection(SolutionProperties) = preSolution
		HideSolutionNode = FALSE
	EndGlobalSection
	GlobalSection(ExtensibilityGlobals) = postSolution
		SolutionGuid = {95EEBE63-C8D9-452B-9CA4-E358AA1950CC}
	EndGlobalSection
EndGlobal
